
Microsoft Visual Studio Solution File, Format Version 12.00
# Visual Studio Version 17
VisualStudioVersion = 17.8.34309.116
MinimumVisualStudioVersion = 10.0.40219.1
Project("{9A19103F-16F7-4668-BE54-9A1E7A4F7556}") = "Domain", "Domain\Domain.csproj", "{7D66B0C2-AB1B-45C3-8D42-EF12EE564AC9}"
EndProject
Project("{9A19103F-16F7-4668-BE54-9A1E7A4F7556}") = "Data", "Data\Data.csproj", "{F5344BFD-C078-43F1-980B-73CF6F4DB308}"
EndProject
Project("{9A19103F-16F7-4668-BE54-9A1E7A4F7556}") = "Presentation", "Presentation1\Presentation.csproj", "{3A0B45CF-FCFD-450D-B878-12826A237FAA}"
EndProject
Global
	GlobalSection(SolutionConfigurationPlatforms) = preSolution
		Debug|Any CPU = Debug|Any CPU
		Release|Any CPU = Release|Any CPU
	EndGlobalSection
	GlobalSection(ProjectConfigurationPlatforms) = postSolution
		{7D66B0C2-AB1B-45C3-8D42-EF12EE564AC9}.Debug|Any CPU.ActiveCfg = Debug|Any CPU
		{7D66B0C2-AB1B-45C3-8D42-EF12EE564AC9}.Debug|Any CPU.Build.0 = Debug|Any CPU
		{7D66B0C2-AB1B-45C3-8D42-EF12EE564AC9}.Release|Any CPU.ActiveCfg = Release|Any CPU
		{7D66B0C2-AB1B-45C3-8D42-EF12EE564AC9}.Release|Any CPU.Build.0 = Release|Any CPU
		{F5344BFD-C078-43F1-980B-73CF6F4DB308}.Debug|Any CPU.ActiveCfg = Debug|Any CPU
		{F5344BFD-C078-43F1-980B-73CF6F4DB308}.Debug|Any CPU.Build.0 = Debug|Any CPU
		{F5344BFD-C078-43F1-980B-73CF6F4DB308}.Release|Any CPU.ActiveCfg = Release|Any CPU
		{F5344BFD-C078-43F1-980B-73CF6F4DB308}.Release|Any CPU.Build.0 = Release|Any CPU
		{3A0B45CF-FCFD-450D-B878-12826A237FAA}.Debug|Any CPU.ActiveCfg = Debug|Any CPU
		{3A0B45CF-FCFD-450D-B878-12826A237FAA}.Debug|Any CPU.Build.0 = Debug|Any CPU
		{3A0B45CF-FCFD-450D-B878-12826A237FAA}.Release|Any CPU.ActiveCfg = Release|Any CPU
		{3A0B45CF-FCFD-450D-B878-12826A237FAA}.Release|Any CPU.Build.0 = Release|Any CPU
	EndGlobalSection
	GlobalSection(SolutionProperties) = preSolution
		HideSolutionNode = FALSE
	EndGlobalSection
	GlobalSection(ExtensibilityGlobals) = postSolution
		SolutionGuid = {F9602791-2F0C-4211-B793-295297292382}
	EndGlobalSection
EndGlobal
